
Microsoft Visual Studio Solution File, Format Version 12.00
# Visual Studio Version 16
VisualStudioVersion = 16.0.30611.23
MinimumVisualStudioVersion = 10.0.40219.1
Project("{2150E333-8FDC-42A3-9474-1A3956D46DE8}") = "Applications", "Applications", "{2CE22FFC-7B93-428E-A4CC-7DDEC0147DE0}"
EndProject
Project("{2150E333-8FDC-42A3-9474-1A3956D46DE8}") = "Components", "Components", "{0390F19D-9340-4ABE-8820-CBE9094F28A2}"
EndProject
Project("{2150E333-8FDC-42A3-9474-1A3956D46DE8}") = "Common", "Common", "{FB947AEE-AE0C-49F3-B738-F628A2738A7C}"
EndProject
Project("{2150E333-8FDC-42A3-9474-1A3956D46DE8}") = "UnitTests", "UnitTests", "{797D904B-12E8-4DB6-8725-2E3BB4CA88B9}"
EndProject
Project("{2150E333-8FDC-42A3-9474-1A3956D46DE8}") = "Plugins", "Plugins", "{248A835B-98D0-45EA-A72C-30012EDA3827}"
EndProject
Project("{FAE04EC0-301F-11D3-BF4B-00C04F79EFBC}") = "Finder", "Applications\Finder\Finder.csproj", "{1E1B60FC-306B-4989-95E3-07A3988703BE}"
EndProject
Project("{FAE04EC0-301F-11D3-BF4B-00C04F79EFBC}") = "PresentationLogic", "Components\Common\PresentationLogic\PresentationLogic.csproj", "{D8D14AA3-FC40-4761-8FA0-5FFF2FCFFF27}"
EndProject
Project("{FAE04EC0-301F-11D3-BF4B-00C04F79EFBC}") = "BusinessLogic", "Components\Common\BusinessLogic\BusinessLogic.csproj", "{4605F797-8912-4FE0-A1DD-129F566C8917}"
EndProject
Project("{FAE04EC0-301F-11D3-BF4B-00C04F79EFBC}") = "CommonLibrary", "Components\Common\CommonLibrary\CommonLibrary.csproj", "{0A68CD77-032D-4458-B047-218C46222866}"
EndProject
Project("{FAE04EC0-301F-11D3-BF4B-00C04F79EFBC}") = "PluginSDK", "Components\Common\PluginSDK\PluginSDK.csproj", "{8D40B645-991C-4B37-B026-18D436065408}"
EndProject
Project("{FAE04EC0-301F-11D3-BF4B-00C04F79EFBC}") = "TxtPlugin", "Components\Plugins\TxtPlugin\TxtPlugin.csproj", "{B59C2978-D353-47FF-8B74-31F2AF540BDD}"
EndProject
Project("{FAE04EC0-301F-11D3-BF4B-00C04F79EFBC}") = "Mp3Plugin", "Components\Plugins\Mp3Plugin\Mp3Plugin.csproj", "{804668B5-84C1-42BD-BC27-6ECCFEF840E8}"
EndProject
Project("{FAE04EC0-301F-11D3-BF4B-00C04F79EFBC}") = "ExceptionHandlerExtensions", "Components\Common\ExceptionHandlerExtensions\ExceptionHandlerExtensions.csproj", "{F7EB2106-76EF-461E-9E60-B2D154FAB2D5}"
EndProject
Project("{FAE04EC0-301F-11D3-BF4B-00C04F79EFBC}") = "Logging", "Components\Common\Logging\Logging.csproj", "{844533BC-7D85-48FD-AC12-F1AC0DF364FF}"
EndProject
Project("{FAE04EC0-301F-11D3-BF4B-00C04F79EFBC}") = "PresentationLogic.Tests", "Components\UnitTests\PresentationLogic.Tests\PresentationLogic.Tests.csproj", "{8FC3168A-8351-454F-AE3B-EDD89942F233}"
EndProject
Project("{FAE04EC0-301F-11D3-BF4B-00C04F79EFBC}") = "CommonLibrary.Tests", "Components\UnitTests\CommonLibrary.Tests\CommonLibrary.Tests.csproj", "{165F4245-CA52-4157-BB57-B24E80DB7F62}"
EndProject
Global
	GlobalSection(SolutionConfigurationPlatforms) = preSolution
		Debug|Any CPU = Debug|Any CPU
		Release|Any CPU = Release|Any CPU
	EndGlobalSection
	GlobalSection(ProjectConfigurationPlatforms) = postSolution
		{1E1B60FC-306B-4989-95E3-07A3988703BE}.Debug|Any CPU.ActiveCfg = Debug|Any CPU
		{1E1B60FC-306B-4989-95E3-07A3988703BE}.Debug|Any CPU.Build.0 = Debug|Any CPU
		{1E1B60FC-306B-4989-95E3-07A3988703BE}.Release|Any CPU.ActiveCfg = Release|Any CPU
		{1E1B60FC-306B-4989-95E3-07A3988703BE}.Release|Any CPU.Build.0 = Release|Any CPU
		{D8D14AA3-FC40-4761-8FA0-5FFF2FCFFF27}.Debug|Any CPU.ActiveCfg = Debug|Any CPU
		{D8D14AA3-FC40-4761-8FA0-5FFF2FCFFF27}.Debug|Any CPU.Build.0 = Debug|Any CPU
		{D8D14AA3-FC40-4761-8FA0-5FFF2FCFFF27}.Release|Any CPU.ActiveCfg = Release|Any CPU
		{D8D14AA3-FC40-4761-8FA0-5FFF2FCFFF27}.Release|Any CPU.Build.0 = Release|Any CPU
		{4605F797-8912-4FE0-A1DD-129F566C8917}.Debug|Any CPU.ActiveCfg = Debug|Any CPU
		{4605F797-8912-4FE0-A1DD-129F566C8917}.Debug|Any CPU.Build.0 = Debug|Any CPU
		{4605F797-8912-4FE0-A1DD-129F566C8917}.Release|Any CPU.ActiveCfg = Release|Any CPU
		{4605F797-8912-4FE0-A1DD-129F566C8917}.Release|Any CPU.Build.0 = Release|Any CPU
		{0A68CD77-032D-4458-B047-218C46222866}.Debug|Any CPU.ActiveCfg = Debug|Any CPU
		{0A68CD77-032D-4458-B047-218C46222866}.Debug|Any CPU.Build.0 = Debug|Any CPU
		{0A68CD77-032D-4458-B047-218C46222866}.Release|Any CPU.ActiveCfg = Release|Any CPU
		{0A68CD77-032D-4458-B047-218C46222866}.Release|Any CPU.Build.0 = Release|Any CPU
		{8D40B645-991C-4B37-B026-18D436065408}.Debug|Any CPU.ActiveCfg = Debug|Any CPU
		{8D40B645-991C-4B37-B026-18D436065408}.Debug|Any CPU.Build.0 = Debug|Any CPU
		{8D40B645-991C-4B37-B026-18D436065408}.Release|Any CPU.ActiveCfg = Release|Any CPU
		{8D40B645-991C-4B37-B026-18D436065408}.Release|Any CPU.Build.0 = Release|Any CPU
		{B59C2978-D353-47FF-8B74-31F2AF540BDD}.Debug|Any CPU.ActiveCfg = Debug|Any CPU
		{B59C2978-D353-47FF-8B74-31F2AF540BDD}.Debug|Any CPU.Build.0 = Debug|Any CPU
		{B59C2978-D353-47FF-8B74-31F2AF540BDD}.Release|Any CPU.ActiveCfg = Release|Any CPU
		{B59C2978-D353-47FF-8B74-31F2AF540BDD}.Release|Any CPU.Build.0 = Release|Any CPU
		{804668B5-84C1-42BD-BC27-6ECCFEF840E8}.Debug|Any CPU.ActiveCfg = Debug|Any CPU
		{804668B5-84C1-42BD-BC27-6ECCFEF840E8}.Debug|Any CPU.Build.0 = Debug|Any CPU
		{804668B5-84C1-42BD-BC27-6ECCFEF840E8}.Release|Any CPU.ActiveCfg = Release|Any CPU
		{804668B5-84C1-42BD-BC27-6ECCFEF840E8}.Release|Any CPU.Build.0 = Release|Any CPU
		{F7EB2106-76EF-461E-9E60-B2D154FAB2D5}.Debug|Any CPU.ActiveCfg = Debug|Any CPU
		{F7EB2106-76EF-461E-9E60-B2D154FAB2D5}.Debug|Any CPU.Build.0 = Debug|Any CPU
		{F7EB2106-76EF-461E-9E60-B2D154FAB2D5}.Release|Any CPU.ActiveCfg = Release|Any CPU
		{F7EB2106-76EF-461E-9E60-B2D154FAB2D5}.Release|Any CPU.Build.0 = Release|Any CPU
		{844533BC-7D85-48FD-AC12-F1AC0DF364FF}.Debug|Any CPU.ActiveCfg = Debug|Any CPU
		{844533BC-7D85-48FD-AC12-F1AC0DF364FF}.Debug|Any CPU.Build.0 = Debug|Any CPU
		{844533BC-7D85-48FD-AC12-F1AC0DF364FF}.Release|Any CPU.ActiveCfg = Release|Any CPU
		{844533BC-7D85-48FD-AC12-F1AC0DF364FF}.Release|Any CPU.Build.0 = Release|Any CPU
		{8FC3168A-8351-454F-AE3B-EDD89942F233}.Debug|Any CPU.ActiveCfg = Debug|Any CPU
		{8FC3168A-8351-454F-AE3B-EDD89942F233}.Debug|Any CPU.Build.0 = Debug|Any CPU
		{8FC3168A-8351-454F-AE3B-EDD89942F233}.Release|Any CPU.ActiveCfg = Release|Any CPU
		{8FC3168A-8351-454F-AE3B-EDD89942F233}.Release|Any CPU.Build.0 = Release|Any CPU
		{165F4245-CA52-4157-BB57-B24E80DB7F62}.Debug|Any CPU.ActiveCfg = Debug|Any CPU
		{165F4245-CA52-4157-BB57-B24E80DB7F62}.Debug|Any CPU.Build.0 = Debug|Any CPU
		{165F4245-CA52-4157-BB57-B24E80DB7F62}.Release|Any CPU.ActiveCfg = Release|Any CPU
		{165F4245-CA52-4157-BB57-B24E80DB7F62}.Release|Any CPU.Build.0 = Release|Any CPU
	EndGlobalSection
	GlobalSection(SolutionProperties) = preSolution
		HideSolutionNode = FALSE
	EndGlobalSection
	GlobalSection(NestedProjects) = preSolution
		{FB947AEE-AE0C-49F3-B738-F628A2738A7C} = {0390F19D-9340-4ABE-8820-CBE9094F28A2}
		{797D904B-12E8-4DB6-8725-2E3BB4CA88B9} = {0390F19D-9340-4ABE-8820-CBE9094F28A2}
		{248A835B-98D0-45EA-A72C-30012EDA3827} = {0390F19D-9340-4ABE-8820-CBE9094F28A2}
		{1E1B60FC-306B-4989-95E3-07A3988703BE} = {2CE22FFC-7B93-428E-A4CC-7DDEC0147DE0}
		{D8D14AA3-FC40-4761-8FA0-5FFF2FCFFF27} = {FB947AEE-AE0C-49F3-B738-F628A2738A7C}
		{4605F797-8912-4FE0-A1DD-129F566C8917} = {FB947AEE-AE0C-49F3-B738-F628A2738A7C}
		{0A68CD77-032D-4458-B047-218C46222866} = {FB947AEE-AE0C-49F3-B738-F628A2738A7C}
		{8D40B645-991C-4B37-B026-18D436065408} = {FB947AEE-AE0C-49F3-B738-F628A2738A7C}
		{B59C2978-D353-47FF-8B74-31F2AF540BDD} = {248A835B-98D0-45EA-A72C-30012EDA3827}
		{804668B5-84C1-42BD-BC27-6ECCFEF840E8} = {248A835B-98D0-45EA-A72C-30012EDA3827}
		{F7EB2106-76EF-461E-9E60-B2D154FAB2D5} = {FB947AEE-AE0C-49F3-B738-F628A2738A7C}
		{844533BC-7D85-48FD-AC12-F1AC0DF364FF} = {FB947AEE-AE0C-49F3-B738-F628A2738A7C}
		{8FC3168A-8351-454F-AE3B-EDD89942F233} = {797D904B-12E8-4DB6-8725-2E3BB4CA88B9}
		{165F4245-CA52-4157-BB57-B24E80DB7F62} = {797D904B-12E8-4DB6-8725-2E3BB4CA88B9}
	EndGlobalSection
	GlobalSection(ExtensibilityGlobals) = postSolution
		SolutionGuid = {4801749A-CD80-4F18-BAF2-26F9F4853E47}
	EndGlobalSection
EndGlobal
